
Microsoft Visual Studio Solution File, Format Version 12.00
# Visual Studio Version 16
VisualStudioVersion = 16.0.31605.320
MinimumVisualStudioVersion = 10.0.40219.1
Project("{FAE04EC0-301F-11D3-BF4B-00C04F79EFBC}") = "TableToClass", "TableToClass\TableToClass.csproj", "{AFE86D6C-3103-4313-A6B8-4DFB364E8608}"
EndProject
Global
	GlobalSection(SolutionConfigurationPlatforms) = preSolution
		Debug|Any CPU = Debug|Any CPU
		Release|Any CPU = Release|Any CPU
	EndGlobalSection
	GlobalSection(ProjectConfigurationPlatforms) = postSolution
		{AFE86D6C-3103-4313-A6B8-4DFB364E8608}.Debug|Any CPU.ActiveCfg = Debug|Any CPU
		{AFE86D6C-3103-4313-A6B8-4DFB364E8608}.Debug|Any CPU.Build.0 = Debug|Any CPU
		{AFE86D6C-3103-4313-A6B8-4DFB364E8608}.Release|Any CPU.ActiveCfg = Release|Any CPU
		{AFE86D6C-3103-4313-A6B8-4DFB364E8608}.Release|Any CPU.Build.0 = Release|Any CPU
	EndGlobalSection
	GlobalSection(SolutionProperties) = preSolution
		HideSolutionNode = FALSE
	EndGlobalSection
	GlobalSection(ExtensibilityGlobals) = postSolution
		SolutionGuid = {0D293A0F-322C-472A-937F-AF806328F330}
	EndGlobalSection
EndGlobal
